
Microsoft Visual Studio Solution File, Format Version 12.00
# Visual Studio Version 16
VisualStudioVersion = 16.0.29613.14
MinimumVisualStudioVersion = 10.0.40219.1
Project("{FAE04EC0-301F-11D3-BF4B-00C04F79EFBC}") = "TeamCityPOC", "TeamCityPOC.csproj", "{0089CCB8-5246-4C1F-AECF-5CBE19426D91}"
EndProject
Project("{FAE04EC0-301F-11D3-BF4B-00C04F79EFBC}") = "TeamCityPOC.Tests", "..\TeamCityPOC.Tests\TeamCityPOC.Tests.csproj", "{D49F9DDF-FDFC-4DDE-BDA4-12BCFD151E28}"
EndProject
Global
	GlobalSection(SolutionConfigurationPlatforms) = preSolution
		Debug|Any CPU = Debug|Any CPU
		Release|Any CPU = Release|Any CPU
	EndGlobalSection
	GlobalSection(ProjectConfigurationPlatforms) = postSolution
		{0089CCB8-5246-4C1F-AECF-5CBE19426D91}.Debug|Any CPU.ActiveCfg = Debug|Any CPU
		{0089CCB8-5246-4C1F-AECF-5CBE19426D91}.Debug|Any CPU.Build.0 = Debug|Any CPU
		{0089CCB8-5246-4C1F-AECF-5CBE19426D91}.Release|Any CPU.ActiveCfg = Release|Any CPU
		{0089CCB8-5246-4C1F-AECF-5CBE19426D91}.Release|Any CPU.Build.0 = Release|Any CPU
		{D49F9DDF-FDFC-4DDE-BDA4-12BCFD151E28}.Debug|Any CPU.ActiveCfg = Debug|Any CPU
		{D49F9DDF-FDFC-4DDE-BDA4-12BCFD151E28}.Debug|Any CPU.Build.0 = Debug|Any CPU
		{D49F9DDF-FDFC-4DDE-BDA4-12BCFD151E28}.Release|Any CPU.ActiveCfg = Release|Any CPU
		{D49F9DDF-FDFC-4DDE-BDA4-12BCFD151E28}.Release|Any CPU.Build.0 = Release|Any CPU
	EndGlobalSection
	GlobalSection(SolutionProperties) = preSolution
		HideSolutionNode = FALSE
	EndGlobalSection
	GlobalSection(ExtensibilityGlobals) = postSolution
		SolutionGuid = {9F335C6D-7069-4E95-8D4E-B6271AF85D01}
	EndGlobalSection
EndGlobal
